// !$*UTF8*$!
{
	archiveVersion = 1;
	classes = {
	};
	objectVersion = 56;
	objects = {

/* Begin PBXBuildFile section */
		DACC46B5295D073700FFAE56 /* AppDelegate.swift in Sources */ = {isa = PBXBuildFile; fileRef = DACC46B4295D073700FFAE56 /* AppDelegate.swift */; };
		DACC46B7295D073700FFAE56 /* SceneDelegate.swift in Sources */ = {isa = PBXBuildFile; fileRef = DACC46B6295D073700FFAE56 /* SceneDelegate.swift */; };
		DACC46B9295D073700FFAE56 /* ViewController.swift in Sources */ = {isa = PBXBuildFile; fileRef = DACC46B8295D073700FFAE56 /* ViewController.swift */; };
		DACC46BE295D073900FFAE56 /* Assets.xcassets in Resources */ = {isa = PBXBuildFile; fileRef = DACC46BD295D073900FFAE56 /* Assets.xcassets */; };
		DACC46C1295D073900FFAE56 /* LaunchScreen.storyboard in Resources */ = {isa = PBXBuildFile; fileRef = DACC46BF295D073900FFAE56 /* LaunchScreen.storyboard */; };
		DACC46CC295D073900FFAE56 /* AwGeezTests.swift in Sources */ = {isa = PBXBuildFile; fileRef = DACC46CB295D073900FFAE56 /* AwGeezTests.swift */; };
/* End PBXBuildFile section */

/* Begin PBXContainerItemProxy section */
		DACC46C8295D073900FFAE56 /* PBXContainerItemProxy */ = {
			isa = PBXContainerItemProxy;
			containerPortal = DACC46A9295D073700FFAE56 /* Project object */;
			proxyType = 1;
			remoteGlobalIDString = DACC46B0295D073700FFAE56;
			remoteInfo = AwGeez;
		};
/* End PBXContainerItemProxy section */

/* Begin PBXFileReference section */
		DACC46B1295D073700FFAE56 /* AwGeez.app */ = {isa = PBXFileReference; explicitFileType = wrapper.application; includeInIndex = 0; path = AwGeez.app; sourceTree = BUILT_PRODUCTS_DIR; };
		DACC46B4295D073700FFAE56 /* AppDelegate.swift */ = {isa = PBXFileReference; lastKnownFileType = sourcecode.swift; path = AppDelegate.swift; sourceTree = "<group>"; };
		DACC46B6295D073700FFAE56 /* SceneDelegate.swift */ = {isa = PBXFileReference; lastKnownFileType = sourcecode.swift; path = SceneDelegate.swift; sourceTree = "<group>"; };
		DACC46B8295D073700FFAE56 /* ViewController.swift */ = {isa = PBXFileReference; lastKnownFileType = sourcecode.swift; path = ViewController.swift; sourceTree = "<group>"; };
		DACC46BD295D073900FFAE56 /* Assets.xcassets */ = {isa = PBXFileReference; lastKnownFileType = folder.assetcatalog; path = Assets.xcassets; sourceTree = "<group>"; };
		DACC46C0295D073900FFAE56 /* Base */ = {isa = PBXFileReference; lastKnownFileType = file.storyboard; name = Base; path = Base.lproj/LaunchScreen.storyboard; sourceTree = "<group>"; };
		DACC46C2295D073900FFAE56 /* Info.plist */ = {isa = PBXFileReference; lastKnownFileType = text.plist.xml; path = Info.plist; sourceTree = "<group>"; };
		DACC46C7295D073900FFAE56 /* AwGeezTests.xctest */ = {isa = PBXFileReference; explicitFileType = wrapper.cfbundle; includeInIndex = 0; path = AwGeezTests.xctest; sourceTree = BUILT_PRODUCTS_DIR; };
		DACC46CB295D073900FFAE56 /* AwGeezTests.swift */ = {isa = PBXFileReference; lastKnownFileType = sourcecode.swift; path = AwGeezTests.swift; sourceTree = "<group>"; };
/* End PBXFileReference section */

/* Begin PBXFrameworksBuildPhase section */
		DACC46AE295D073700FFAE56 /* Frameworks */ = {
			isa = PBXFrameworksBuildPhase;
			buildActionMask = 2147483647;
			files = (
			);
			runOnlyForDeploymentPostprocessing = 0;
		};
		DACC46C4295D073900FFAE56 /* Frameworks */ = {
			isa = PBXFrameworksBuildPhase;
			buildActionMask = 2147483647;
			files = (
			);
			runOnlyForDeploymentPostprocessing = 0;
		};
/* End PBXFrameworksBuildPhase section */

/* Begin PBXGroup section */
		DACC46A8295D073700FFAE56 = {
			isa = PBXGroup;
			children = (
				DACC46B3295D073700FFAE56 /* AwGeez */,
				DACC46CA295D073900FFAE56 /* AwGeezTests */,
				DACC46B2295D073700FFAE56 /* Products */,
			);
			sourceTree = "<group>";
		};
		DACC46B2295D073700FFAE56 /* Products */ = {
			isa = PBXGroup;
			children = (
				DACC46B1295D073700FFAE56 /* AwGeez.app */,
				DACC46C7295D073900FFAE56 /* AwGeezTests.xctest */,
			);
			name = Products;
			sourceTree = "<group>";
		};
		DACC46B3295D073700FFAE56 /* AwGeez */ = {
			isa = PBXGroup;
			children = (
				DACC46E6295D0DB700FFAE56 /* Main */,
				DACC46B8295D073700FFAE56 /* ViewController.swift */,
			);
			path = AwGeez;
			sourceTree = "<group>";
		};
		DACC46CA295D073900FFAE56 /* AwGeezTests */ = {
			isa = PBXGroup;
			children = (
				DACC46CB295D073900FFAE56 /* AwGeezTests.swift */,
			);
			path = AwGeezTests;
			sourceTree = "<group>";
		};
		DACC46E6295D0DB700FFAE56 /* Main */ = {
			isa = PBXGroup;
			children = (
				DACC46B4295D073700FFAE56 /* AppDelegate.swift */,
				DACC46B6295D073700FFAE56 /* SceneDelegate.swift */,
				DACC46BD295D073900FFAE56 /* Assets.xcassets */,
				DACC46BF295D073900FFAE56 /* LaunchScreen.storyboard */,
				DACC46C2295D073900FFAE56 /* Info.plist */,
			);
			path = Main;
			sourceTree = "<group>";
		};
/* End PBXGroup section */

/* Begin PBXNativeTarget section */
		DACC46B0295D073700FFAE56 /* AwGeez */ = {
			isa = PBXNativeTarget;
			buildConfigurationList = DACC46DB295D073900FFAE56 /* Build configuration list for PBXNativeTarget "AwGeez" */;
			buildPhases = (
				DACC46AD295D073700FFAE56 /* Sources */,
				DACC46AE295D073700FFAE56 /* Frameworks */,
				DACC46AF295D073700FFAE56 /* Resources */,
			);
			buildRules = (
			);
			dependencies = (
			);
			name = AwGeez;
			productName = AwGeez;
			productReference = DACC46B1295D073700FFAE56 /* AwGeez.app */;
			productType = "com.apple.product-type.application";
		};
		DACC46C6295D073900FFAE56 /* AwGeezTests */ = {
			isa = PBXNativeTarget;
			buildConfigurationList = DACC46DE295D073900FFAE56 /* Build configuration list for PBXNativeTarget "AwGeezTests" */;
			buildPhases = (
				DACC46C3295D073900FFAE56 /* Sources */,
				DACC46C4295D073900FFAE56 /* Frameworks */,
				DACC46C5295D073900FFAE56 /* Resources */,
			);
			buildRules = (
			);
			dependencies = (
				DACC46C9295D073900FFAE56 /* PBXTargetDependency */,
			);
			name = AwGeezTests;
			productName = AwGeezTests;
			productReference = DACC46C7295D073900FFAE56 /* AwGeezTests.xctest */;
			productType = "com.apple.product-type.bundle.unit-test";
		};
/* End PBXNativeTarget section */

/* Begin PBXProject section */
		DACC46A9295D073700FFAE56 /* Project object */ = {
			isa = PBXProject;
			attributes = {
				BuildIndependentTargetsInParallel = 1;
				LastSwiftUpdateCheck = 1410;
				LastUpgradeCheck = 1410;
				TargetAttributes = {
					DACC46B0295D073700FFAE56 = {
						CreatedOnToolsVersion = 14.1;
					};
					DACC46C6295D073900FFAE56 = {
						CreatedOnToolsVersion = 14.1;
						TestTargetID = DACC46B0295D073700FFAE56;
					};
				};
			};
			buildConfigurationList = DACC46AC295D073700FFAE56 /* Build configuration list for PBXProject "AwGeez" */;
			compatibilityVersion = "Xcode 14.0";
			developmentRegion = en;
			hasScannedForEncodings = 0;
			knownRegions = (
				en,
				Base,
			);
			mainGroup = DACC46A8295D073700FFAE56;
			productRefGroup = DACC46B2295D073700FFAE56 /* Products */;
			projectDirPath = "";
			projectRoot = "";
			targets = (
				DACC46B0295D073700FFAE56 /* AwGeez */,
				DACC46C6295D073900FFAE56 /* AwGeezTests */,
			);
		};
/* End PBXProject section */

/* Begin PBXResourcesBuildPhase section */
		DACC46AF295D073700FFAE56 /* Resources */ = {
			isa = PBXResourcesBuildPhase;
			buildActionMask = 2147483647;
			files = (
				DACC46C1295D073900FFAE56 /* LaunchScreen.storyboard in Resources */,
				DACC46BE295D073900FFAE56 /* Assets.xcassets in Resources */,
			);
			runOnlyForDeploymentPostprocessing = 0;
		};
		DACC46C5295D073900FFAE56 /* Resources */ = {
			isa = PBXResourcesBuildPhase;
			buildActionMask = 2147483647;
			files = (
			);
			runOnlyForDeploymentPostprocessing = 0;
		};
/* End PBXResourcesBuildPhase section */

/* Begin PBXSourcesBuildPhase section */
		DACC46AD295D073700FFAE56 /* Sources */ = {
			isa = PBXSourcesBuildPhase;
			buildActionMask = 2147483647;
			files = (
				DACC46B9295D073700FFAE56 /* ViewController.swift in Sources */,
				DACC46B5295D073700FFAE56 /* AppDelegate.swift in Sources */,
				DACC46B7295D073700FFAE56 /* SceneDelegate.swift in Sources */,
			);
			runOnlyForDeploymentPostprocessing = 0;
		};
		DACC46C3295D073900FFAE56 /* Sources */ = {
			isa = PBXSourcesBuildPhase;
			buildActionMask = 2147483647;
			files = (
				DACC46CC295D073900FFAE56 /* AwGeezTests.swift in Sources */,
			);
			runOnlyForDeploymentPostprocessing = 0;
		};
/* End PBXSourcesBuildPhase section */

/* Begin PBXTargetDependency section */
		DACC46C9295D073900FFAE56 /* PBXTargetDependency */ = {
			isa = PBXTargetDependency;
			target = DACC46B0295D073700FFAE56 /* AwGeez */;
			targetProxy = DACC46C8295D073900FFAE56 /* PBXContainerItemProxy */;
		};
/* End PBXTargetDependency section */

/* Begin PBXVariantGroup section */
		DACC46BF295D073900FFAE56 /* LaunchScreen.storyboard */ = {
			isa = PBXVariantGroup;
			children = (
				DACC46C0295D073900FFAE56 /* Base */,
			);
			name = LaunchScreen.storyboard;
			sourceTree = "<group>";
		};
/* End PBXVariantGroup section */

/* Begin XCBuildConfiguration section */
		DACC46D9295D073900FFAE56 /* Debug */ = {
			isa = XCBuildConfiguration;
			buildSettings = {
				ALWAYS_SEARCH_USER_PATHS = NO;
				CLANG_ANALYZER_NONNULL = YES;
				CLANG_ANALYZER_NUMBER_OBJECT_CONVERSION = YES_AGGRESSIVE;
				CLANG_CXX_LANGUAGE_STANDARD = "gnu++20";
				CLANG_ENABLE_MODULES = YES;
				CLANG_ENABLE_OBJC_ARC = YES;
				CLANG_ENABLE_OBJC_WEAK = YES;
				CLANG_WARN_BLOCK_CAPTURE_AUTORELEASING = YES;
				CLANG_WARN_BOOL_CONVERSION = YES;
				CLANG_WARN_COMMA = YES;
				CLANG_WARN_CONSTANT_CONVERSION = YES;
				CLANG_WARN_DEPRECATED_OBJC_IMPLEMENTATIONS = YES;
				CLANG_WARN_DIRECT_OBJC_ISA_USAGE = YES_ERROR;
				CLANG_WARN_DOCUMENTATION_COMMENTS = YES;
				CLANG_WARN_EMPTY_BODY = YES;
				CLANG_WARN_ENUM_CONVERSION = YES;
				CLANG_WARN_INFINITE_RECURSION = YES;
				CLANG_WARN_INT_CONVERSION = YES;
				CLANG_WARN_NON_LITERAL_NULL_CONVERSION = YES;
				CLANG_WARN_OBJC_IMPLICIT_RETAIN_SELF = YES;
				CLANG_WARN_OBJC_LITERAL_CONVERSION = YES;
				CLANG_WARN_OBJC_ROOT_CLASS = YES_ERROR;
				CLANG_WARN_QUOTED_INCLUDE_IN_FRAMEWORK_HEADER = YES;
				CLANG_WARN_RANGE_LOOP_ANALYSIS = YES;
				CLANG_WARN_STRICT_PROTOTYPES = YES;
				CLANG_WARN_SUSPICIOUS_MOVE = YES;
				CLANG_WARN_UNGUARDED_AVAILABILITY = YES_AGGRESSIVE;
				CLANG_WARN_UNREACHABLE_CODE = YES;
				CLANG_WARN__DUPLICATE_METHOD_MATCH = YES;
				COPY_PHASE_STRIP = NO;
				DEBUG_INFORMATION_FORMAT = dwarf;
				ENABLE_STRICT_OBJC_MSGSEND = YES;
				ENABLE_TESTABILITY = YES;
				GCC_C_LANGUAGE_STANDARD = gnu11;
				GCC_DYNAMIC_NO_PIC = NO;
				GCC_NO_COMMON_BLOCKS = YES;
				GCC_OPTIMIZATION_LEVEL = 0;
				GCC_PREPROCESSOR_DEFINITIONS = (
					"DEBUG=1",
					"$(inherited)",
				);
				GCC_WARN_64_TO_32_BIT_CONVERSION = YES;
				GCC_WARN_ABOUT_RETURN_TYPE = YES_ERROR;
				GCC_WARN_UNDECLARED_SELECTOR = YES;
				GCC_WARN_UNINITIALIZED_AUTOS = YES_AGGRESSIVE;
				GCC_WARN_UNUSED_FUNCTION = YES;
				GCC_WARN_UNUSED_VARIABLE = YES;
				IPHONEOS_DEPLOYMENT_TARGET = 13.0;
				MTL_ENABLE_DEBUG_INFO = INCLUDE_SOURCE;
				MTL_FAST_MATH = YES;
				ONLY_ACTIVE_ARCH = YES;
				SDKROOT = iphoneos;
				SWIFT_ACTIVE_COMPILATION_CONDITIONS = DEBUG;
				SWIFT_OPTIMIZATION_LEVEL = "-Onone";
			};
			name = Debug;
		};
		DACC46DA295D073900FFAE56 /* Release */ = {
			isa = XCBuildConfiguration;
			buildSettings = {
				ALWAYS_SEARCH_USER_PATHS = NO;
				CLANG_ANALYZER_NONNULL = YES;
				CLANG_ANALYZER_NUMBER_OBJECT_CONVERSION = YES_AGGRESSIVE;
				CLANG_CXX_LANGUAGE_STANDARD = "gnu++20";
				CLANG_ENABLE_MODULES = YES;
				CLANG_ENABLE_OBJC_ARC = YES;
				CLANG_ENABLE_OBJC_WEAK = YES;
				CLANG_WARN_BLOCK_CAPTURE_AUTORELEASING = YES;
				CLANG_WARN_BOOL_CONVERSION = YES;
				CLANG_WARN_COMMA = YES;
				CLANG_WARN_CONSTANT_CONVERSION = YES;
				CLANG_WARN_DEPRECATED_OBJC_IMPLEMENTATIONS = YES;
				CLANG_WARN_DIRECT_OBJC_ISA_USAGE = YES_ERROR;
				CLANG_WARN_DOCUMENTATION_COMMENTS = YES;
				CLANG_WARN_EMPTY_BODY = YES;
				CLANG_WARN_ENUM_CONVERSION = YES;
				CLANG_WARN_INFINITE_RECURSION = YES;
				CLANG_WARN_INT_CONVERSION = YES;
				CLANG_WARN_NON_LITERAL_NULL_CONVERSION = YES;
				CLANG_WARN_OBJC_IMPLICIT_RETAIN_SELF = YES;
				CLANG_WARN_OBJC_LITERAL_CONVERSION = YES;
				CLANG_WARN_OBJC_ROOT_CLASS = YES_ERROR;
				CLANG_WARN_QUOTED_INCLUDE_IN_FRAMEWORK_HEADER = YES;
				CLANG_WARN_RANGE_LOOP_ANALYSIS = YES;
				CLANG_WARN_STRICT_PROTOTYPES = YES;
				CLANG_WARN_SUSPICIOUS_MOVE = YES;
				CLANG_WARN_UNGUARDED_AVAILABILITY = YES_AGGRESSIVE;
				CLANG_WARN_UNREACHABLE_CODE = YES;
				CLANG_WARN__DUPLICATE_METHOD_MATCH = YES;
				COPY_PHASE_STRIP = NO;
				DEBUG_INFORMATION_FORMAT = "dwarf-with-dsym";
				ENABLE_NS_ASSERTIONS = NO;
				ENABLE_STRICT_OBJC_MSGSEND = YES;
				GCC_C_LANGUAGE_STANDARD = gnu11;
				GCC_NO_COMMON_BLOCKS = YES;
				GCC_WARN_64_TO_32_BIT_CONVERSION = YES;
				GCC_WARN_ABOUT_RETURN_TYPE = YES_ERROR;
				GCC_WARN_UNDECLARED_SELECTOR = YES;
				GCC_WARN_UNINITIALIZED_AUTOS = YES_AGGRESSIVE;
				GCC_WARN_UNUSED_FUNCTION = YES;
				GCC_WARN_UNUSED_VARIABLE = YES;
				IPHONEOS_DEPLOYMENT_TARGET = 13.0;
				MTL_ENABLE_DEBUG_INFO = NO;
				MTL_FAST_MATH = YES;
				SDKROOT = iphoneos;
				SWIFT_COMPILATION_MODE = wholemodule;
				SWIFT_OPTIMIZATION_LEVEL = "-O";
				VALIDATE_PRODUCT = YES;
			};
			name = Release;
		};
		DACC46DC295D073900FFAE56 /* Debug */ = {
			isa = XCBuildConfiguration;
			buildSettings = {
				ASSETCATALOG_COMPILER_APPICON_NAME = AppIcon;
				ASSETCATALOG_COMPILER_GLOBAL_ACCENT_COLOR_NAME = AccentColor;
				CODE_SIGN_STYLE = Automatic;
				CURRENT_PROJECT_VERSION = 1;
				DEVELOPMENT_TEAM = Q2ZXF3TT52;
				GENERATE_INFOPLIST_FILE = YES;
				INFOPLIST_FILE = AwGeez/Main/Info.plist;
				INFOPLIST_KEY_UIApplicationSupportsIndirectInputEvents = YES;
				INFOPLIST_KEY_UILaunchStoryboardName = LaunchScreen;
				INFOPLIST_KEY_UIMainStoryboardFile = "";
				INFOPLIST_KEY_UISupportedInterfaceOrientations = UIInterfaceOrientationPortrait;
				IPHONEOS_DEPLOYMENT_TARGET = 13.0;
				LD_RUNPATH_SEARCH_PATHS = (
					"$(inherited)",
					"@executable_path/Frameworks",
				);
				MARKETING_VERSION = 1.0;
				PRODUCT_BUNDLE_IDENTIFIER = TonyDstudio.AwGeez;
				PRODUCT_NAME = "$(TARGET_NAME)";
				SUPPORTED_PLATFORMS = "iphoneos iphonesimulator";
				SUPPORTS_MACCATALYST = NO;
				SUPPORTS_MAC_DESIGNED_FOR_IPHONE_IPAD = NO;
				SWIFT_EMIT_LOC_STRINGS = YES;
				SWIFT_VERSION = 5.0;
				TARGETED_DEVICE_FAMILY = 1;
			};
			name = Debug;
		};
		DACC46DD295D073900FFAE56 /* Release */ = {
			isa = XCBuildConfiguration;
			buildSettings = {
				ASSETCATALOG_COMPILER_APPICON_NAME = AppIcon;
				ASSETCATALOG_COMPILER_GLOBAL_ACCENT_COLOR_NAME = AccentColor;
				CODE_SIGN_STYLE = Automatic;
				CURRENT_PROJECT_VERSION = 1;
				DEVELOPMENT_TEAM = Q2ZXF3TT52;
				GENERATE_INFOPLIST_FILE = YES;
				INFOPLIST_FILE = AwGeez/Main/Info.plist;
				INFOPLIST_KEY_UIApplicationSupportsIndirectInputEvents = YES;
				INFOPLIST_KEY_UILaunchStoryboardName = LaunchScreen;
				INFOPLIST_KEY_UIMainStoryboardFile = "";
				INFOPLIST_KEY_UISupportedInterfaceOrientations = UIInterfaceOrientationPortrait;
				IPHONEOS_DEPLOYMENT_TARGET = 13.0;
				LD_RUNPATH_SEARCH_PATHS = (
					"$(inherited)",
					"@executable_path/Frameworks",
				);
				MARKETING_VERSION = 1.0;
				PRODUCT_BUNDLE_IDENTIFIER = TonyDstudio.AwGeez;
				PRODUCT_NAME = "$(TARGET_NAME)";
				SUPPORTED_PLATFORMS = "iphoneos iphonesimulator";
				SUPPORTS_MACCATALYST = NO;
				SUPPORTS_MAC_DESIGNED_FOR_IPHONE_IPAD = NO;
				SWIFT_EMIT_LOC_STRINGS = YES;
				SWIFT_VERSION = 5.0;
				TARGETED_DEVICE_FAMILY = 1;
			};
			name = Release;
		};
		DACC46DF295D073900FFAE56 /* Debug */ = {
			isa = XCBuildConfiguration;
			buildSettings = {
				ALWAYS_EMBED_SWIFT_STANDARD_LIBRARIES = YES;
				BUNDLE_LOADER = "$(TEST_HOST)";
				CODE_SIGN_STYLE = Automatic;
				CURRENT_PROJECT_VERSION = 1;
				DEVELOPMENT_TEAM = Q2ZXF3TT52;
				GENERATE_INFOPLIST_FILE = YES;
				IPHONEOS_DEPLOYMENT_TARGET = 16.1;
				MARKETING_VERSION = 1.0;
				PRODUCT_BUNDLE_IDENTIFIER = TonyDstudio.AwGeezTests;
				PRODUCT_NAME = "$(TARGET_NAME)";
				SWIFT_EMIT_LOC_STRINGS = NO;
				SWIFT_VERSION = 5.0;
				TARGETED_DEVICE_FAMILY = "1,2";
				TEST_HOST = "$(BUILT_PRODUCTS_DIR)/AwGeez.app/$(BUNDLE_EXECUTABLE_FOLDER_PATH)/AwGeez";
			};
			name = Debug;
		};
		DACC46E0295D073900FFAE56 /* Release */ = {
			isa = XCBuildConfiguration;
			buildSettings = {
				ALWAYS_EMBED_SWIFT_STANDARD_LIBRARIES = YES;
				BUNDLE_LOADER = "$(TEST_HOST)";
				CODE_SIGN_STYLE = Automatic;
				CURRENT_PROJECT_VERSION = 1;
				DEVELOPMENT_TEAM = Q2ZXF3TT52;
				GENERATE_INFOPLIST_FILE = YES;
				IPHONEOS_DEPLOYMENT_TARGET = 16.1;
				MARKETING_VERSION = 1.0;
				PRODUCT_BUNDLE_IDENTIFIER = TonyDstudio.AwGeezTests;
				PRODUCT_NAME = "$(TARGET_NAME)";
				SWIFT_EMIT_LOC_STRINGS = NO;
				SWIFT_VERSION = 5.0;
				TARGETED_DEVICE_FAMILY = "1,2";
				TEST_HOST = "$(BUILT_PRODUCTS_DIR)/AwGeez.app/$(BUNDLE_EXECUTABLE_FOLDER_PATH)/AwGeez";
			};
			name = Release;
		};
/* End XCBuildConfiguration section */

/* Begin XCConfigurationList section */
		DACC46AC295D073700FFAE56 /* Build configuration list for PBXProject "AwGeez" */ = {
			isa = XCConfigurationList;
			buildConfigurations = (
				DACC46D9295D073900FFAE56 /* Debug */,
				DACC46DA295D073900FFAE56 /* Release */,
			);
			defaultConfigurationIsVisible = 0;
			defaultConfigurationName = Release;
		};
		DACC46DB295D073900FFAE56 /* Build configuration list for PBXNativeTarget "AwGeez" */ = {
			isa = XCConfigurationList;
			buildConfigurations = (
				DACC46DC295D073900FFAE56 /* Debug */,
				DACC46DD295D073900FFAE56 /* Release */,
			);
			defaultConfigurationIsVisible = 0;
			defaultConfigurationName = Release;
		};
		DACC46DE295D073900FFAE56 /* Build configuration list for PBXNativeTarget "AwGeezTests" */ = {
			isa = XCConfigurationList;
			buildConfigurations = (
				DACC46DF295D073900FFAE56 /* Debug */,
				DACC46E0295D073900FFAE56 /* Release */,
			);
			defaultConfigurationIsVisible = 0;
			defaultConfigurationName = Release;
		};
/* End XCConfigurationList section */
	};
	rootObject = DACC46A9295D073700FFAE56 /* Project object */;
}
